
Microsoft Visual Studio Solution File, Format Version 12.00
# Visual Studio Version 17
VisualStudioVersion = 17.0.31903.59
MinimumVisualStudioVersion = 10.0.40219.1
Project("{9A19103F-16F7-4668-BE54-9A1E7A4F7556}") = "RestAssured.Net", "RestAssured.Net\RestAssured.Net.csproj", "{096D0212-8B81-4D1A-A547-F5B59A40788B}"
EndProject
Project("{9A19103F-16F7-4668-BE54-9A1E7A4F7556}") = "RestAssured.Net.Tests", "RestAssured.Net.Tests\RestAssured.Net.Tests.csproj", "{1F99FD38-A8CD-4985-8947-BBEEA1AB522B}"
EndProject
Project("{FAE04EC0-301F-11D3-BF4B-00C04F79EFBC}") = "RestAssured.Net.DemoService", "RestAssured.Net.DemoService\RestAssured.Net.DemoService.csproj", "{250B8C30-1964-47EB-9032-D0B32B86092C}"
EndProject
Global
	GlobalSection(SolutionConfigurationPlatforms) = preSolution
		Debug|Any CPU = Debug|Any CPU
		Release|Any CPU = Release|Any CPU
	EndGlobalSection
	GlobalSection(ProjectConfigurationPlatforms) = postSolution
		{096D0212-8B81-4D1A-A547-F5B59A40788B}.Debug|Any CPU.ActiveCfg = Debug|Any CPU
		{096D0212-8B81-4D1A-A547-F5B59A40788B}.Debug|Any CPU.Build.0 = Debug|Any CPU
		{096D0212-8B81-4D1A-A547-F5B59A40788B}.Release|Any CPU.ActiveCfg = Release|Any CPU
		{096D0212-8B81-4D1A-A547-F5B59A40788B}.Release|Any CPU.Build.0 = Release|Any CPU
		{1F99FD38-A8CD-4985-8947-BBEEA1AB522B}.Debug|Any CPU.ActiveCfg = Debug|Any CPU
		{1F99FD38-A8CD-4985-8947-BBEEA1AB522B}.Debug|Any CPU.Build.0 = Debug|Any CPU
		{1F99FD38-A8CD-4985-8947-BBEEA1AB522B}.Release|Any CPU.ActiveCfg = Release|Any CPU
		{1F99FD38-A8CD-4985-8947-BBEEA1AB522B}.Release|Any CPU.Build.0 = Release|Any CPU
		{250B8C30-1964-47EB-9032-D0B32B86092C}.Debug|Any CPU.ActiveCfg = Debug|Any CPU
		{250B8C30-1964-47EB-9032-D0B32B86092C}.Debug|Any CPU.Build.0 = Debug|Any CPU
		{250B8C30-1964-47EB-9032-D0B32B86092C}.Release|Any CPU.ActiveCfg = Release|Any CPU
		{250B8C30-1964-47EB-9032-D0B32B86092C}.Release|Any CPU.Build.0 = Release|Any CPU
	EndGlobalSection
	GlobalSection(SolutionProperties) = preSolution
		HideSolutionNode = FALSE
	EndGlobalSection
	GlobalSection(ExtensibilityGlobals) = postSolution
		SolutionGuid = {1F4E240F-1212-4C14-BEE5-0663C8187D2C}
	EndGlobalSection
EndGlobal
